
Microsoft Visual Studio Solution File, Format Version 12.00
# Visual Studio Version 17
VisualStudioVersion = 17.6.33815.320
MinimumVisualStudioVersion = 10.0.40219.1
Project("{9A19103F-16F7-4668-BE54-9A1E7A4F7556}") = "ProductsAPI", "ProductsAPI\ProductsAPI.csproj", "{838A4773-92EC-4978-978E-DCC50CCD4352}"
EndProject
Project("{9A19103F-16F7-4668-BE54-9A1E7A4F7556}") = "Servicios.api.Libreria", "..\Microservices\Servicios.api.Libreria\Servicios.api.Libreria.csproj", "{1FF833E0-3A86-4A14-9A0F-E8CB48799057}"
EndProject
Global
	GlobalSection(SolutionConfigurationPlatforms) = preSolution
		Debug|Any CPU = Debug|Any CPU
		Release|Any CPU = Release|Any CPU
	EndGlobalSection
	GlobalSection(ProjectConfigurationPlatforms) = postSolution
		{838A4773-92EC-4978-978E-DCC50CCD4352}.Debug|Any CPU.ActiveCfg = Debug|Any CPU
		{838A4773-92EC-4978-978E-DCC50CCD4352}.Debug|Any CPU.Build.0 = Debug|Any CPU
		{838A4773-92EC-4978-978E-DCC50CCD4352}.Release|Any CPU.ActiveCfg = Release|Any CPU
		{838A4773-92EC-4978-978E-DCC50CCD4352}.Release|Any CPU.Build.0 = Release|Any CPU
		{1FF833E0-3A86-4A14-9A0F-E8CB48799057}.Debug|Any CPU.ActiveCfg = Debug|Any CPU
		{1FF833E0-3A86-4A14-9A0F-E8CB48799057}.Debug|Any CPU.Build.0 = Debug|Any CPU
		{1FF833E0-3A86-4A14-9A0F-E8CB48799057}.Release|Any CPU.ActiveCfg = Release|Any CPU
		{1FF833E0-3A86-4A14-9A0F-E8CB48799057}.Release|Any CPU.Build.0 = Release|Any CPU
	EndGlobalSection
	GlobalSection(SolutionProperties) = preSolution
		HideSolutionNode = FALSE
	EndGlobalSection
	GlobalSection(ExtensibilityGlobals) = postSolution
		SolutionGuid = {E710DEEF-DBAA-4A22-8208-7ED1563533A0}
	EndGlobalSection
EndGlobal
