
Microsoft Visual Studio Solution File, Format Version 12.00
# Visual Studio Version 17
VisualStudioVersion = 17.6.33815.320
MinimumVisualStudioVersion = 10.0.40219.1
Project("{FAE04EC0-301F-11D3-BF4B-00C04F79EFBC}") = "Servicios.api.Libreria", "Servicios.api.Libreria\Servicios.api.Libreria.csproj", "{6E8001BA-6AED-4CBB-A30B-3F86892ACD1A}"
EndProject
Global
	GlobalSection(SolutionConfigurationPlatforms) = preSolution
		Debug|Any CPU = Debug|Any CPU
		Release|Any CPU = Release|Any CPU
	EndGlobalSection
	GlobalSection(ProjectConfigurationPlatforms) = postSolution
		{6E8001BA-6AED-4CBB-A30B-3F86892ACD1A}.Debug|Any CPU.ActiveCfg = Debug|Any CPU
		{6E8001BA-6AED-4CBB-A30B-3F86892ACD1A}.Debug|Any CPU.Build.0 = Debug|Any CPU
		{6E8001BA-6AED-4CBB-A30B-3F86892ACD1A}.Release|Any CPU.ActiveCfg = Release|Any CPU
		{6E8001BA-6AED-4CBB-A30B-3F86892ACD1A}.Release|Any CPU.Build.0 = Release|Any CPU
	EndGlobalSection
	GlobalSection(SolutionProperties) = preSolution
		HideSolutionNode = FALSE
	EndGlobalSection
	GlobalSection(ExtensibilityGlobals) = postSolution
		SolutionGuid = {C3113356-3040-458E-9D38-6976BB1FA8A6}
	EndGlobalSection
EndGlobal
